
Microsoft Visual Studio Solution File, Format Version 12.00
# Visual Studio 15
VisualStudioVersion = 15.0.27428.2037
MinimumVisualStudioVersion = 10.0.40219.1
Project("{9A19103F-16F7-4668-BE54-9A1E7A4F7556}") = "jdeMasters.Components.XmlWrapper", "jdeMasters.Components.XmlWrapper\jdeMasters.Components.XmlWrapper.csproj", "{180068FB-51E9-436A-AFEC-6D68A6445B95}"
EndProject
Project("{FAE04EC0-301F-11D3-BF4B-00C04F79EFBC}") = "jdeMasters.Components.XmlWrapper.Test", "jdeMasters.Components.XmlWrapper.Test\jdeMasters.Components.XmlWrapper.Test.csproj", "{0E649BB4-46B5-417E-A24A-E566FBAEFC4B}"
EndProject
Global
	GlobalSection(SolutionConfigurationPlatforms) = preSolution
		Debug|Any CPU = Debug|Any CPU
		Release|Any CPU = Release|Any CPU
	EndGlobalSection
	GlobalSection(ProjectConfigurationPlatforms) = postSolution
		{180068FB-51E9-436A-AFEC-6D68A6445B95}.Debug|Any CPU.ActiveCfg = Debug|Any CPU
		{180068FB-51E9-436A-AFEC-6D68A6445B95}.Debug|Any CPU.Build.0 = Debug|Any CPU
		{180068FB-51E9-436A-AFEC-6D68A6445B95}.Release|Any CPU.ActiveCfg = Release|Any CPU
		{180068FB-51E9-436A-AFEC-6D68A6445B95}.Release|Any CPU.Build.0 = Release|Any CPU
		{0E649BB4-46B5-417E-A24A-E566FBAEFC4B}.Debug|Any CPU.ActiveCfg = Debug|Any CPU
		{0E649BB4-46B5-417E-A24A-E566FBAEFC4B}.Debug|Any CPU.Build.0 = Debug|Any CPU
		{0E649BB4-46B5-417E-A24A-E566FBAEFC4B}.Release|Any CPU.ActiveCfg = Release|Any CPU
		{0E649BB4-46B5-417E-A24A-E566FBAEFC4B}.Release|Any CPU.Build.0 = Release|Any CPU
	EndGlobalSection
	GlobalSection(SolutionProperties) = preSolution
		HideSolutionNode = FALSE
	EndGlobalSection
	GlobalSection(ExtensibilityGlobals) = postSolution
		SolutionGuid = {DD27B11F-1FFA-4516-834F-A70655F4F317}
	EndGlobalSection
EndGlobal
